
Microsoft Visual Studio Solution File, Format Version 12.00
# Visual Studio 15
VisualStudioVersion = 15.0.27703.2047
MinimumVisualStudioVersion = 10.0.40219.1
Project("{FAE04EC0-301F-11D3-BF4B-00C04F79EFBC}") = "Sales.Android", "Sales\Sales.Android\Sales.Android.csproj", "{5C7B5D2A-4E3C-4DD2-B1DC-99CF785D3DBA}"
EndProject
Project("{FAE04EC0-301F-11D3-BF4B-00C04F79EFBC}") = "Sales.iOS", "Sales\Sales.iOS\Sales.iOS.csproj", "{2D260725-F356-42DB-9CE0-8170849FD8AE}"
EndProject
Project("{9A19103F-16F7-4668-BE54-9A1E7A4F7556}") = "Sales", "Sales\Sales\Sales.csproj", "{64722996-68A0-4AD9-BD78-6148FC52C916}"
EndProject
Project("{FAE04EC0-301F-11D3-BF4B-00C04F79EFBC}") = "Sales.Backend", "Sales.Backend\Sales.Backend.csproj", "{7671EDB1-8E99-411E-A47B-676D42A6E5D3}"
EndProject
Project("{FAE04EC0-301F-11D3-BF4B-00C04F79EFBC}") = "Sales.API", "Sales.API\Sales.API.csproj", "{508F83EE-46F9-412A-9154-E690D055A9CE}"
EndProject
Project("{FAE04EC0-301F-11D3-BF4B-00C04F79EFBC}") = "Sales.Domain", "Sales.Domain\Sales.Domain.csproj", "{85E963B3-3EB0-4591-BAE3-FCF488BBC33F}"
EndProject
Project("{FAE04EC0-301F-11D3-BF4B-00C04F79EFBC}") = "Sales.Common", "Sales.Common\Sales.Common.csproj", "{9F3B9A47-E9D6-4074-B8C7-5A1395D8FC05}"
EndProject
Global
	GlobalSection(SolutionConfigurationPlatforms) = preSolution
		Ad-Hoc|Any CPU = Ad-Hoc|Any CPU
		Ad-Hoc|ARM = Ad-Hoc|ARM
		Ad-Hoc|iPhone = Ad-Hoc|iPhone
		Ad-Hoc|iPhoneSimulator = Ad-Hoc|iPhoneSimulator
		Ad-Hoc|x64 = Ad-Hoc|x64
		Ad-Hoc|x86 = Ad-Hoc|x86
		AppStore|Any CPU = AppStore|Any CPU
		AppStore|ARM = AppStore|ARM
		AppStore|iPhone = AppStore|iPhone
		AppStore|iPhoneSimulator = AppStore|iPhoneSimulator
		AppStore|x64 = AppStore|x64
		AppStore|x86 = AppStore|x86
		Debug|Any CPU = Debug|Any CPU
		Debug|ARM = Debug|ARM
		Debug|iPhone = Debug|iPhone
		Debug|iPhoneSimulator = Debug|iPhoneSimulator
		Debug|x64 = Debug|x64
		Debug|x86 = Debug|x86
		Release|Any CPU = Release|Any CPU
		Release|ARM = Release|ARM
		Release|iPhone = Release|iPhone
		Release|iPhoneSimulator = Release|iPhoneSimulator
		Release|x64 = Release|x64
		Release|x86 = Release|x86
	EndGlobalSection
	GlobalSection(ProjectConfigurationPlatforms) = postSolution
		{5C7B5D2A-4E3C-4DD2-B1DC-99CF785D3DBA}.Ad-Hoc|Any CPU.ActiveCfg = Release|Any CPU
		{5C7B5D2A-4E3C-4DD2-B1DC-99CF785D3DBA}.Ad-Hoc|Any CPU.Build.0 = Release|Any CPU
		{5C7B5D2A-4E3C-4DD2-B1DC-99CF785D3DBA}.Ad-Hoc|Any CPU.Deploy.0 = Release|Any CPU
		{5C7B5D2A-4E3C-4DD2-B1DC-99CF785D3DBA}.Ad-Hoc|ARM.ActiveCfg = Release|Any CPU
		{5C7B5D2A-4E3C-4DD2-B1DC-99CF785D3DBA}.Ad-Hoc|ARM.Build.0 = Release|Any CPU
		{5C7B5D2A-4E3C-4DD2-B1DC-99CF785D3DBA}.Ad-Hoc|ARM.Deploy.0 = Release|Any CPU
		{5C7B5D2A-4E3C-4DD2-B1DC-99CF785D3DBA}.Ad-Hoc|iPhone.ActiveCfg = Release|Any CPU
		{5C7B5D2A-4E3C-4DD2-B1DC-99CF785D3DBA}.Ad-Hoc|iPhone.Build.0 = Release|Any CPU
		{5C7B5D2A-4E3C-4DD2-B1DC-99CF785D3DBA}.Ad-Hoc|iPhone.Deploy.0 = Release|Any CPU
		{5C7B5D2A-4E3C-4DD2-B1DC-99CF785D3DBA}.Ad-Hoc|iPhoneSimulator.ActiveCfg = Release|Any CPU
		{5C7B5D2A-4E3C-4DD2-B1DC-99CF785D3DBA}.Ad-Hoc|iPhoneSimulator.Build.0 = Release|Any CPU
		{5C7B5D2A-4E3C-4DD2-B1DC-99CF785D3DBA}.Ad-Hoc|iPhoneSimulator.Deploy.0 = Release|Any CPU
		{5C7B5D2A-4E3C-4DD2-B1DC-99CF785D3DBA}.Ad-Hoc|x64.ActiveCfg = Release|Any CPU
		{5C7B5D2A-4E3C-4DD2-B1DC-99CF785D3DBA}.Ad-Hoc|x64.Build.0 = Release|Any CPU
		{5C7B5D2A-4E3C-4DD2-B1DC-99CF785D3DBA}.Ad-Hoc|x64.Deploy.0 = Release|Any CPU
		{5C7B5D2A-4E3C-4DD2-B1DC-99CF785D3DBA}.Ad-Hoc|x86.ActiveCfg = Release|Any CPU
		{5C7B5D2A-4E3C-4DD2-B1DC-99CF785D3DBA}.Ad-Hoc|x86.Build.0 = Release|Any CPU
		{5C7B5D2A-4E3C-4DD2-B1DC-99CF785D3DBA}.Ad-Hoc|x86.Deploy.0 = Release|Any CPU
		{5C7B5D2A-4E3C-4DD2-B1DC-99CF785D3DBA}.AppStore|Any CPU.ActiveCfg = Release|Any CPU
		{5C7B5D2A-4E3C-4DD2-B1DC-99CF785D3DBA}.AppStore|Any CPU.Build.0 = Release|Any CPU
		{5C7B5D2A-4E3C-4DD2-B1DC-99CF785D3DBA}.AppStore|Any CPU.Deploy.0 = Release|Any CPU
		{5C7B5D2A-4E3C-4DD2-B1DC-99CF785D3DBA}.AppStore|ARM.ActiveCfg = Release|Any CPU
		{5C7B5D2A-4E3C-4DD2-B1DC-99CF785D3DBA}.AppStore|ARM.Build.0 = Release|Any CPU
		{5C7B5D2A-4E3C-4DD2-B1DC-99CF785D3DBA}.AppStore|ARM.Deploy.0 = Release|Any CPU
		{5C7B5D2A-4E3C-4DD2-B1DC-99CF785D3DBA}.AppStore|iPhone.ActiveCfg = Release|Any CPU
		{5C7B5D2A-4E3C-4DD2-B1DC-99CF785D3DBA}.AppStore|iPhone.Build.0 = Release|Any CPU
		{5C7B5D2A-4E3C-4DD2-B1DC-99CF785D3DBA}.AppStore|iPhone.Deploy.0 = Release|Any CPU
		{5C7B5D2A-4E3C-4DD2-B1DC-99CF785D3DBA}.AppStore|iPhoneSimulator.ActiveCfg = Release|Any CPU
		{5C7B5D2A-4E3C-4DD2-B1DC-99CF785D3DBA}.AppStore|iPhoneSimulator.Build.0 = Release|Any CPU
		{5C7B5D2A-4E3C-4DD2-B1DC-99CF785D3DBA}.AppStore|iPhoneSimulator.Deploy.0 = Release|Any CPU
		{5C7B5D2A-4E3C-4DD2-B1DC-99CF785D3DBA}.AppStore|x64.ActiveCfg = Release|Any CPU
		{5C7B5D2A-4E3C-4DD2-B1DC-99CF785D3DBA}.AppStore|x64.Build.0 = Release|Any CPU
		{5C7B5D2A-4E3C-4DD2-B1DC-99CF785D3DBA}.AppStore|x64.Deploy.0 = Release|Any CPU
		{5C7B5D2A-4E3C-4DD2-B1DC-99CF785D3DBA}.AppStore|x86.ActiveCfg = Release|Any CPU
		{5C7B5D2A-4E3C-4DD2-B1DC-99CF785D3DBA}.AppStore|x86.Build.0 = Release|Any CPU
		{5C7B5D2A-4E3C-4DD2-B1DC-99CF785D3DBA}.AppStore|x86.Deploy.0 = Release|Any CPU
		{5C7B5D2A-4E3C-4DD2-B1DC-99CF785D3DBA}.Debug|Any CPU.ActiveCfg = Debug|Any CPU
		{5C7B5D2A-4E3C-4DD2-B1DC-99CF785D3DBA}.Debug|Any CPU.Build.0 = Debug|Any CPU
		{5C7B5D2A-4E3C-4DD2-B1DC-99CF785D3DBA}.Debug|Any CPU.Deploy.0 = Debug|Any CPU
		{5C7B5D2A-4E3C-4DD2-B1DC-99CF785D3DBA}.Debug|ARM.ActiveCfg = Debug|Any CPU
		{5C7B5D2A-4E3C-4DD2-B1DC-99CF785D3DBA}.Debug|ARM.Build.0 = Debug|Any CPU
		{5C7B5D2A-4E3C-4DD2-B1DC-99CF785D3DBA}.Debug|ARM.Deploy.0 = Debug|Any CPU
		{5C7B5D2A-4E3C-4DD2-B1DC-99CF785D3DBA}.Debug|iPhone.ActiveCfg = Debug|Any CPU
		{5C7B5D2A-4E3C-4DD2-B1DC-99CF785D3DBA}.Debug|iPhone.Build.0 = Debug|Any CPU
		{5C7B5D2A-4E3C-4DD2-B1DC-99CF785D3DBA}.Debug|iPhone.Deploy.0 = Debug|Any CPU
		{5C7B5D2A-4E3C-4DD2-B1DC-99CF785D3DBA}.Debug|iPhoneSimulator.ActiveCfg = Debug|Any CPU
		{5C7B5D2A-4E3C-4DD2-B1DC-99CF785D3DBA}.Debug|iPhoneSimulator.Build.0 = Debug|Any CPU
		{5C7B5D2A-4E3C-4DD2-B1DC-99CF785D3DBA}.Debug|iPhoneSimulator.Deploy.0 = Debug|Any CPU
		{5C7B5D2A-4E3C-4DD2-B1DC-99CF785D3DBA}.Debug|x64.ActiveCfg = Debug|Any CPU
		{5C7B5D2A-4E3C-4DD2-B1DC-99CF785D3DBA}.Debug|x64.Build.0 = Debug|Any CPU
		{5C7B5D2A-4E3C-4DD2-B1DC-99CF785D3DBA}.Debug|x64.Deploy.0 = Debug|Any CPU
		{5C7B5D2A-4E3C-4DD2-B1DC-99CF785D3DBA}.Debug|x86.ActiveCfg = Debug|Any CPU
		{5C7B5D2A-4E3C-4DD2-B1DC-99CF785D3DBA}.Debug|x86.Build.0 = Debug|Any CPU
		{5C7B5D2A-4E3C-4DD2-B1DC-99CF785D3DBA}.Debug|x86.Deploy.0 = Debug|Any CPU
		{5C7B5D2A-4E3C-4DD2-B1DC-99CF785D3DBA}.Release|Any CPU.ActiveCfg = Release|Any CPU
		{5C7B5D2A-4E3C-4DD2-B1DC-99CF785D3DBA}.Release|Any CPU.Build.0 = Release|Any CPU
		{5C7B5D2A-4E3C-4DD2-B1DC-99CF785D3DBA}.Release|Any CPU.Deploy.0 = Release|Any CPU
		{5C7B5D2A-4E3C-4DD2-B1DC-99CF785D3DBA}.Release|ARM.ActiveCfg = Release|Any CPU
		{5C7B5D2A-4E3C-4DD2-B1DC-99CF785D3DBA}.Release|ARM.Build.0 = Release|Any CPU
		{5C7B5D2A-4E3C-4DD2-B1DC-99CF785D3DBA}.Release|ARM.Deploy.0 = Release|Any CPU
		{5C7B5D2A-4E3C-4DD2-B1DC-99CF785D3DBA}.Release|iPhone.ActiveCfg = Release|Any CPU
		{5C7B5D2A-4E3C-4DD2-B1DC-99CF785D3DBA}.Release|iPhone.Build.0 = Release|Any CPU
		{5C7B5D2A-4E3C-4DD2-B1DC-99CF785D3DBA}.Release|iPhone.Deploy.0 = Release|Any CPU
		{5C7B5D2A-4E3C-4DD2-B1DC-99CF785D3DBA}.Release|iPhoneSimulator.ActiveCfg = Release|Any CPU
		{5C7B5D2A-4E3C-4DD2-B1DC-99CF785D3DBA}.Release|iPhoneSimulator.Build.0 = Release|Any CPU
		{5C7B5D2A-4E3C-4DD2-B1DC-99CF785D3DBA}.Release|iPhoneSimulator.Deploy.0 = Release|Any CPU
		{5C7B5D2A-4E3C-4DD2-B1DC-99CF785D3DBA}.Release|x64.ActiveCfg = Release|Any CPU
		{5C7B5D2A-4E3C-4DD2-B1DC-99CF785D3DBA}.Release|x64.Build.0 = Release|Any CPU
		{5C7B5D2A-4E3C-4DD2-B1DC-99CF785D3DBA}.Release|x64.Deploy.0 = Release|Any CPU
		{5C7B5D2A-4E3C-4DD2-B1DC-99CF785D3DBA}.Release|x86.ActiveCfg = Release|Any CPU
		{5C7B5D2A-4E3C-4DD2-B1DC-99CF785D3DBA}.Release|x86.Build.0 = Release|Any CPU
		{5C7B5D2A-4E3C-4DD2-B1DC-99CF785D3DBA}.Release|x86.Deploy.0 = Release|Any CPU
		{2D260725-F356-42DB-9CE0-8170849FD8AE}.Ad-Hoc|Any CPU.ActiveCfg = Ad-Hoc|iPhone
		{2D260725-F356-42DB-9CE0-8170849FD8AE}.Ad-Hoc|Any CPU.Build.0 = Ad-Hoc|iPhone
		{2D260725-F356-42DB-9CE0-8170849FD8AE}.Ad-Hoc|Any CPU.Deploy.0 = Ad-Hoc|iPhone
		{2D260725-F356-42DB-9CE0-8170849FD8AE}.Ad-Hoc|ARM.ActiveCfg = Ad-Hoc|iPhone
		{2D260725-F356-42DB-9CE0-8170849FD8AE}.Ad-Hoc|ARM.Build.0 = Ad-Hoc|iPhone
		{2D260725-F356-42DB-9CE0-8170849FD8AE}.Ad-Hoc|ARM.Deploy.0 = Ad-Hoc|iPhone
		{2D260725-F356-42DB-9CE0-8170849FD8AE}.Ad-Hoc|iPhone.ActiveCfg = Ad-Hoc|iPhone
		{2D260725-F356-42DB-9CE0-8170849FD8AE}.Ad-Hoc|iPhone.Build.0 = Ad-Hoc|iPhone
		{2D260725-F356-42DB-9CE0-8170849FD8AE}.Ad-Hoc|iPhone.Deploy.0 = Ad-Hoc|iPhone
		{2D260725-F356-42DB-9CE0-8170849FD8AE}.Ad-Hoc|iPhoneSimulator.ActiveCfg = Ad-Hoc|iPhoneSimulator
		{2D260725-F356-42DB-9CE0-8170849FD8AE}.Ad-Hoc|iPhoneSimulator.Build.0 = Ad-Hoc|iPhoneSimulator
		{2D260725-F356-42DB-9CE0-8170849FD8AE}.Ad-Hoc|iPhoneSimulator.Deploy.0 = Ad-Hoc|iPhoneSimulator
		{2D260725-F356-42DB-9CE0-8170849FD8AE}.Ad-Hoc|x64.ActiveCfg = Ad-Hoc|iPhone
		{2D260725-F356-42DB-9CE0-8170849FD8AE}.Ad-Hoc|x64.Build.0 = Ad-Hoc|iPhone
		{2D260725-F356-42DB-9CE0-8170849FD8AE}.Ad-Hoc|x64.Deploy.0 = Ad-Hoc|iPhone
		{2D260725-F356-42DB-9CE0-8170849FD8AE}.Ad-Hoc|x86.ActiveCfg = Ad-Hoc|iPhone
		{2D260725-F356-42DB-9CE0-8170849FD8AE}.Ad-Hoc|x86.Build.0 = Ad-Hoc|iPhone
		{2D260725-F356-42DB-9CE0-8170849FD8AE}.Ad-Hoc|x86.Deploy.0 = Ad-Hoc|iPhone
		{2D260725-F356-42DB-9CE0-8170849FD8AE}.AppStore|Any CPU.ActiveCfg = AppStore|iPhone
		{2D260725-F356-42DB-9CE0-8170849FD8AE}.AppStore|Any CPU.Build.0 = AppStore|iPhone
		{2D260725-F356-42DB-9CE0-8170849FD8AE}.AppStore|Any CPU.Deploy.0 = AppStore|iPhone
		{2D260725-F356-42DB-9CE0-8170849FD8AE}.AppStore|ARM.ActiveCfg = AppStore|iPhone
		{2D260725-F356-42DB-9CE0-8170849FD8AE}.AppStore|ARM.Build.0 = AppStore|iPhone
		{2D260725-F356-42DB-9CE0-8170849FD8AE}.AppStore|ARM.Deploy.0 = AppStore|iPhone
		{2D260725-F356-42DB-9CE0-8170849FD8AE}.AppStore|iPhone.ActiveCfg = AppStore|iPhone
		{2D260725-F356-42DB-9CE0-8170849FD8AE}.AppStore|iPhone.Build.0 = AppStore|iPhone
		{2D260725-F356-42DB-9CE0-8170849FD8AE}.AppStore|iPhone.Deploy.0 = AppStore|iPhone
		{2D260725-F356-42DB-9CE0-8170849FD8AE}.AppStore|iPhoneSimulator.ActiveCfg = AppStore|iPhoneSimulator
		{2D260725-F356-42DB-9CE0-8170849FD8AE}.AppStore|iPhoneSimulator.Build.0 = AppStore|iPhoneSimulator
		{2D260725-F356-42DB-9CE0-8170849FD8AE}.AppStore|iPhoneSimulator.Deploy.0 = AppStore|iPhoneSimulator
		{2D260725-F356-42DB-9CE0-8170849FD8AE}.AppStore|x64.ActiveCfg = AppStore|iPhone
		{2D260725-F356-42DB-9CE0-8170849FD8AE}.AppStore|x64.Build.0 = AppStore|iPhone
		{2D260725-F356-42DB-9CE0-8170849FD8AE}.AppStore|x64.Deploy.0 = AppStore|iPhone
		{2D260725-F356-42DB-9CE0-8170849FD8AE}.AppStore|x86.ActiveCfg = AppStore|iPhone
		{2D260725-F356-42DB-9CE0-8170849FD8AE}.AppStore|x86.Build.0 = AppStore|iPhone
		{2D260725-F356-42DB-9CE0-8170849FD8AE}.AppStore|x86.Deploy.0 = AppStore|iPhone
		{2D260725-F356-42DB-9CE0-8170849FD8AE}.Debug|Any CPU.ActiveCfg = Debug|iPhoneSimulator
		{2D260725-F356-42DB-9CE0-8170849FD8AE}.Debug|Any CPU.Build.0 = Debug|iPhoneSimulator
		{2D260725-F356-42DB-9CE0-8170849FD8AE}.Debug|Any CPU.Deploy.0 = Debug|iPhoneSimulator
		{2D260725-F356-42DB-9CE0-8170849FD8AE}.Debug|ARM.ActiveCfg = Debug|iPhone
		{2D260725-F356-42DB-9CE0-8170849FD8AE}.Debug|ARM.Build.0 = Debug|iPhone
		{2D260725-F356-42DB-9CE0-8170849FD8AE}.Debug|ARM.Deploy.0 = Debug|iPhone
		{2D260725-F356-42DB-9CE0-8170849FD8AE}.Debug|iPhone.ActiveCfg = Debug|iPhone
		{2D260725-F356-42DB-9CE0-8170849FD8AE}.Debug|iPhone.Build.0 = Debug|iPhone
		{2D260725-F356-42DB-9CE0-8170849FD8AE}.Debug|iPhone.Deploy.0 = Debug|iPhone
		{2D260725-F356-42DB-9CE0-8170849FD8AE}.Debug|iPhoneSimulator.ActiveCfg = Debug|iPhoneSimulator
		{2D260725-F356-42DB-9CE0-8170849FD8AE}.Debug|iPhoneSimulator.Build.0 = Debug|iPhoneSimulator
		{2D260725-F356-42DB-9CE0-8170849FD8AE}.Debug|iPhoneSimulator.Deploy.0 = Debug|iPhoneSimulator
		{2D260725-F356-42DB-9CE0-8170849FD8AE}.Debug|x64.ActiveCfg = Debug|iPhone
		{2D260725-F356-42DB-9CE0-8170849FD8AE}.Debug|x64.Build.0 = Debug|iPhone
		{2D260725-F356-42DB-9CE0-8170849FD8AE}.Debug|x64.Deploy.0 = Debug|iPhone
		{2D260725-F356-42DB-9CE0-8170849FD8AE}.Debug|x86.ActiveCfg = Debug|iPhone
		{2D260725-F356-42DB-9CE0-8170849FD8AE}.Debug|x86.Build.0 = Debug|iPhone
		{2D260725-F356-42DB-9CE0-8170849FD8AE}.Debug|x86.Deploy.0 = Debug|iPhone
		{2D260725-F356-42DB-9CE0-8170849FD8AE}.Release|Any CPU.ActiveCfg = Release|iPhone
		{2D260725-F356-42DB-9CE0-8170849FD8AE}.Release|Any CPU.Build.0 = Release|iPhone
		{2D260725-F356-42DB-9CE0-8170849FD8AE}.Release|Any CPU.Deploy.0 = Release|iPhone
		{2D260725-F356-42DB-9CE0-8170849FD8AE}.Release|ARM.ActiveCfg = Release|iPhone
		{2D260725-F356-42DB-9CE0-8170849FD8AE}.Release|ARM.Build.0 = Release|iPhone
		{2D260725-F356-42DB-9CE0-8170849FD8AE}.Release|ARM.Deploy.0 = Release|iPhone
		{2D260725-F356-42DB-9CE0-8170849FD8AE}.Release|iPhone.ActiveCfg = Release|iPhone
		{2D260725-F356-42DB-9CE0-8170849FD8AE}.Release|iPhone.Build.0 = Release|iPhone
		{2D260725-F356-42DB-9CE0-8170849FD8AE}.Release|iPhone.Deploy.0 = Release|iPhone
		{2D260725-F356-42DB-9CE0-8170849FD8AE}.Release|iPhoneSimulator.ActiveCfg = Release|iPhoneSimulator
		{2D260725-F356-42DB-9CE0-8170849FD8AE}.Release|iPhoneSimulator.Build.0 = Release|iPhoneSimulator
		{2D260725-F356-42DB-9CE0-8170849FD8AE}.Release|iPhoneSimulator.Deploy.0 = Release|iPhoneSimulator
		{2D260725-F356-42DB-9CE0-8170849FD8AE}.Release|x64.ActiveCfg = Release|iPhone
		{2D260725-F356-42DB-9CE0-8170849FD8AE}.Release|x64.Build.0 = Release|iPhone
		{2D260725-F356-42DB-9CE0-8170849FD8AE}.Release|x64.Deploy.0 = Release|iPhone
		{2D260725-F356-42DB-9CE0-8170849FD8AE}.Release|x86.ActiveCfg = Release|iPhone
		{2D260725-F356-42DB-9CE0-8170849FD8AE}.Release|x86.Build.0 = Release|iPhone
		{2D260725-F356-42DB-9CE0-8170849FD8AE}.Release|x86.Deploy.0 = Release|iPhone
		{64722996-68A0-4AD9-BD78-6148FC52C916}.Ad-Hoc|Any CPU.ActiveCfg = Debug|Any CPU
		{64722996-68A0-4AD9-BD78-6148FC52C916}.Ad-Hoc|Any CPU.Build.0 = Debug|Any CPU
		{64722996-68A0-4AD9-BD78-6148FC52C916}.Ad-Hoc|Any CPU.Deploy.0 = Debug|Any CPU
		{64722996-68A0-4AD9-BD78-6148FC52C916}.Ad-Hoc|ARM.ActiveCfg = Debug|Any CPU
		{64722996-68A0-4AD9-BD78-6148FC52C916}.Ad-Hoc|ARM.Build.0 = Debug|Any CPU
		{64722996-68A0-4AD9-BD78-6148FC52C916}.Ad-Hoc|ARM.Deploy.0 = Debug|Any CPU
		{64722996-68A0-4AD9-BD78-6148FC52C916}.Ad-Hoc|iPhone.ActiveCfg = Debug|Any CPU
		{64722996-68A0-4AD9-BD78-6148FC52C916}.Ad-Hoc|iPhone.Build.0 = Debug|Any CPU
		{64722996-68A0-4AD9-BD78-6148FC52C916}.Ad-Hoc|iPhone.Deploy.0 = Debug|Any CPU
		{64722996-68A0-4AD9-BD78-6148FC52C916}.Ad-Hoc|iPhoneSimulator.ActiveCfg = Debug|Any CPU
		{64722996-68A0-4AD9-BD78-6148FC52C916}.Ad-Hoc|iPhoneSimulator.Build.0 = Debug|Any CPU
		{64722996-68A0-4AD9-BD78-6148FC52C916}.Ad-Hoc|iPhoneSimulator.Deploy.0 = Debug|Any CPU
		{64722996-68A0-4AD9-BD78-6148FC52C916}.Ad-Hoc|x64.ActiveCfg = Debug|Any CPU
		{64722996-68A0-4AD9-BD78-6148FC52C916}.Ad-Hoc|x64.Build.0 = Debug|Any CPU
		{64722996-68A0-4AD9-BD78-6148FC52C916}.Ad-Hoc|x64.Deploy.0 = Debug|Any CPU
		{64722996-68A0-4AD9-BD78-6148FC52C916}.Ad-Hoc|x86.ActiveCfg = Debug|Any CPU
		{64722996-68A0-4AD9-BD78-6148FC52C916}.Ad-Hoc|x86.Build.0 = Debug|Any CPU
		{64722996-68A0-4AD9-BD78-6148FC52C916}.Ad-Hoc|x86.Deploy.0 = Debug|Any CPU
		{64722996-68A0-4AD9-BD78-6148FC52C916}.AppStore|Any CPU.ActiveCfg = Debug|Any CPU
		{64722996-68A0-4AD9-BD78-6148FC52C916}.AppStore|Any CPU.Build.0 = Debug|Any CPU
		{64722996-68A0-4AD9-BD78-6148FC52C916}.AppStore|Any CPU.Deploy.0 = Debug|Any CPU
		{64722996-68A0-4AD9-BD78-6148FC52C916}.AppStore|ARM.ActiveCfg = Debug|Any CPU
		{64722996-68A0-4AD9-BD78-6148FC52C916}.AppStore|ARM.Build.0 = Debug|Any CPU
		{64722996-68A0-4AD9-BD78-6148FC52C916}.AppStore|ARM.Deploy.0 = Debug|Any CPU
		{64722996-68A0-4AD9-BD78-6148FC52C916}.AppStore|iPhone.ActiveCfg = Debug|Any CPU
		{64722996-68A0-4AD9-BD78-6148FC52C916}.AppStore|iPhone.Build.0 = Debug|Any CPU
		{64722996-68A0-4AD9-BD78-6148FC52C916}.AppStore|iPhone.Deploy.0 = Debug|Any CPU
		{64722996-68A0-4AD9-BD78-6148FC52C916}.AppStore|iPhoneSimulator.ActiveCfg = Debug|Any CPU
		{64722996-68A0-4AD9-BD78-6148FC52C916}.AppStore|iPhoneSimulator.Build.0 = Debug|Any CPU
		{64722996-68A0-4AD9-BD78-6148FC52C916}.AppStore|iPhoneSimulator.Deploy.0 = Debug|Any CPU
		{64722996-68A0-4AD9-BD78-6148FC52C916}.AppStore|x64.ActiveCfg = Debug|Any CPU
		{64722996-68A0-4AD9-BD78-6148FC52C916}.AppStore|x64.Build.0 = Debug|Any CPU
		{64722996-68A0-4AD9-BD78-6148FC52C916}.AppStore|x64.Deploy.0 = Debug|Any CPU
		{64722996-68A0-4AD9-BD78-6148FC52C916}.AppStore|x86.ActiveCfg = Debug|Any CPU
		{64722996-68A0-4AD9-BD78-6148FC52C916}.AppStore|x86.Build.0 = Debug|Any CPU
		{64722996-68A0-4AD9-BD78-6148FC52C916}.AppStore|x86.Deploy.0 = Debug|Any CPU
		{64722996-68A0-4AD9-BD78-6148FC52C916}.Debug|Any CPU.ActiveCfg = Debug|Any CPU
		{64722996-68A0-4AD9-BD78-6148FC52C916}.Debug|Any CPU.Build.0 = Debug|Any CPU
		{64722996-68A0-4AD9-BD78-6148FC52C916}.Debug|Any CPU.Deploy.0 = Debug|Any CPU
		{64722996-68A0-4AD9-BD78-6148FC52C916}.Debug|ARM.ActiveCfg = Debug|Any CPU
		{64722996-68A0-4AD9-BD78-6148FC52C916}.Debug|ARM.Build.0 = Debug|Any CPU
		{64722996-68A0-4AD9-BD78-6148FC52C916}.Debug|ARM.Deploy.0 = Debug|Any CPU
		{64722996-68A0-4AD9-BD78-6148FC52C916}.Debug|iPhone.ActiveCfg = Debug|Any CPU
		{64722996-68A0-4AD9-BD78-6148FC52C916}.Debug|iPhone.Build.0 = Debug|Any CPU
		{64722996-68A0-4AD9-BD78-6148FC52C916}.Debug|iPhone.Deploy.0 = Debug|Any CPU
		{64722996-68A0-4AD9-BD78-6148FC52C916}.Debug|iPhoneSimulator.ActiveCfg = Debug|Any CPU
		{64722996-68A0-4AD9-BD78-6148FC52C916}.Debug|iPhoneSimulator.Build.0 = Debug|Any CPU
		{64722996-68A0-4AD9-BD78-6148FC52C916}.Debug|iPhoneSimulator.Deploy.0 = Debug|Any CPU
		{64722996-68A0-4AD9-BD78-6148FC52C916}.Debug|x64.ActiveCfg = Debug|Any CPU
		{64722996-68A0-4AD9-BD78-6148FC52C916}.Debug|x64.Build.0 = Debug|Any CPU
		{64722996-68A0-4AD9-BD78-6148FC52C916}.Debug|x64.Deploy.0 = Debug|Any CPU
		{64722996-68A0-4AD9-BD78-6148FC52C916}.Debug|x86.ActiveCfg = Debug|Any CPU
		{64722996-68A0-4AD9-BD78-6148FC52C916}.Debug|x86.Build.0 = Debug|Any CPU
		{64722996-68A0-4AD9-BD78-6148FC52C916}.Debug|x86.Deploy.0 = Debug|Any CPU
		{64722996-68A0-4AD9-BD78-6148FC52C916}.Release|Any CPU.ActiveCfg = Release|Any CPU
		{64722996-68A0-4AD9-BD78-6148FC52C916}.Release|Any CPU.Build.0 = Release|Any CPU
		{64722996-68A0-4AD9-BD78-6148FC52C916}.Release|Any CPU.Deploy.0 = Release|Any CPU
		{64722996-68A0-4AD9-BD78-6148FC52C916}.Release|ARM.ActiveCfg = Release|Any CPU
		{64722996-68A0-4AD9-BD78-6148FC52C916}.Release|ARM.Build.0 = Release|Any CPU
		{64722996-68A0-4AD9-BD78-6148FC52C916}.Release|ARM.Deploy.0 = Release|Any CPU
		{64722996-68A0-4AD9-BD78-6148FC52C916}.Release|iPhone.ActiveCfg = Release|Any CPU
		{64722996-68A0-4AD9-BD78-6148FC52C916}.Release|iPhone.Build.0 = Release|Any CPU
		{64722996-68A0-4AD9-BD78-6148FC52C916}.Release|iPhone.Deploy.0 = Release|Any CPU
		{64722996-68A0-4AD9-BD78-6148FC52C916}.Release|iPhoneSimulator.ActiveCfg = Release|Any CPU
		{64722996-68A0-4AD9-BD78-6148FC52C916}.Release|iPhoneSimulator.Build.0 = Release|Any CPU
		{64722996-68A0-4AD9-BD78-6148FC52C916}.Release|iPhoneSimulator.Deploy.0 = Release|Any CPU
		{64722996-68A0-4AD9-BD78-6148FC52C916}.Release|x64.ActiveCfg = Release|Any CPU
		{64722996-68A0-4AD9-BD78-6148FC52C916}.Release|x64.Build.0 = Release|Any CPU
		{64722996-68A0-4AD9-BD78-6148FC52C916}.Release|x64.Deploy.0 = Release|Any CPU
		{64722996-68A0-4AD9-BD78-6148FC52C916}.Release|x86.ActiveCfg = Release|Any CPU
		{64722996-68A0-4AD9-BD78-6148FC52C916}.Release|x86.Build.0 = Release|Any CPU
		{64722996-68A0-4AD9-BD78-6148FC52C916}.Release|x86.Deploy.0 = Release|Any CPU
		{7671EDB1-8E99-411E-A47B-676D42A6E5D3}.Ad-Hoc|Any CPU.ActiveCfg = Release|Any CPU
		{7671EDB1-8E99-411E-A47B-676D42A6E5D3}.Ad-Hoc|Any CPU.Build.0 = Release|Any CPU
		{7671EDB1-8E99-411E-A47B-676D42A6E5D3}.Ad-Hoc|ARM.ActiveCfg = Release|Any CPU
		{7671EDB1-8E99-411E-A47B-676D42A6E5D3}.Ad-Hoc|ARM.Build.0 = Release|Any CPU
		{7671EDB1-8E99-411E-A47B-676D42A6E5D3}.Ad-Hoc|iPhone.ActiveCfg = Release|Any CPU
		{7671EDB1-8E99-411E-A47B-676D42A6E5D3}.Ad-Hoc|iPhone.Build.0 = Release|Any CPU
		{7671EDB1-8E99-411E-A47B-676D42A6E5D3}.Ad-Hoc|iPhoneSimulator.ActiveCfg = Release|Any CPU
		{7671EDB1-8E99-411E-A47B-676D42A6E5D3}.Ad-Hoc|iPhoneSimulator.Build.0 = Release|Any CPU
		{7671EDB1-8E99-411E-A47B-676D42A6E5D3}.Ad-Hoc|x64.ActiveCfg = Release|Any CPU
		{7671EDB1-8E99-411E-A47B-676D42A6E5D3}.Ad-Hoc|x64.Build.0 = Release|Any CPU
		{7671EDB1-8E99-411E-A47B-676D42A6E5D3}.Ad-Hoc|x86.ActiveCfg = Release|Any CPU
		{7671EDB1-8E99-411E-A47B-676D42A6E5D3}.Ad-Hoc|x86.Build.0 = Release|Any CPU
		{7671EDB1-8E99-411E-A47B-676D42A6E5D3}.AppStore|Any CPU.ActiveCfg = Release|Any CPU
		{7671EDB1-8E99-411E-A47B-676D42A6E5D3}.AppStore|Any CPU.Build.0 = Release|Any CPU
		{7671EDB1-8E99-411E-A47B-676D42A6E5D3}.AppStore|ARM.ActiveCfg = Release|Any CPU
		{7671EDB1-8E99-411E-A47B-676D42A6E5D3}.AppStore|ARM.Build.0 = Release|Any CPU
		{7671EDB1-8E99-411E-A47B-676D42A6E5D3}.AppStore|iPhone.ActiveCfg = Release|Any CPU
		{7671EDB1-8E99-411E-A47B-676D42A6E5D3}.AppStore|iPhone.Build.0 = Release|Any CPU
		{7671EDB1-8E99-411E-A47B-676D42A6E5D3}.AppStore|iPhoneSimulator.ActiveCfg = Release|Any CPU
		{7671EDB1-8E99-411E-A47B-676D42A6E5D3}.AppStore|iPhoneSimulator.Build.0 = Release|Any CPU
		{7671EDB1-8E99-411E-A47B-676D42A6E5D3}.AppStore|x64.ActiveCfg = Release|Any CPU
		{7671EDB1-8E99-411E-A47B-676D42A6E5D3}.AppStore|x64.Build.0 = Release|Any CPU
		{7671EDB1-8E99-411E-A47B-676D42A6E5D3}.AppStore|x86.ActiveCfg = Release|Any CPU
		{7671EDB1-8E99-411E-A47B-676D42A6E5D3}.AppStore|x86.Build.0 = Release|Any CPU
		{7671EDB1-8E99-411E-A47B-676D42A6E5D3}.Debug|Any CPU.ActiveCfg = Debug|Any CPU
		{7671EDB1-8E99-411E-A47B-676D42A6E5D3}.Debug|Any CPU.Build.0 = Debug|Any CPU
		{7671EDB1-8E99-411E-A47B-676D42A6E5D3}.Debug|ARM.ActiveCfg = Debug|Any CPU
		{7671EDB1-8E99-411E-A47B-676D42A6E5D3}.Debug|ARM.Build.0 = Debug|Any CPU
		{7671EDB1-8E99-411E-A47B-676D42A6E5D3}.Debug|iPhone.ActiveCfg = Debug|Any CPU
		{7671EDB1-8E99-411E-A47B-676D42A6E5D3}.Debug|iPhone.Build.0 = Debug|Any CPU
		{7671EDB1-8E99-411E-A47B-676D42A6E5D3}.Debug|iPhoneSimulator.ActiveCfg = Debug|Any CPU
		{7671EDB1-8E99-411E-A47B-676D42A6E5D3}.Debug|iPhoneSimulator.Build.0 = Debug|Any CPU
		{7671EDB1-8E99-411E-A47B-676D42A6E5D3}.Debug|x64.ActiveCfg = Debug|Any CPU
		{7671EDB1-8E99-411E-A47B-676D42A6E5D3}.Debug|x64.Build.0 = Debug|Any CPU
		{7671EDB1-8E99-411E-A47B-676D42A6E5D3}.Debug|x86.ActiveCfg = Debug|Any CPU
		{7671EDB1-8E99-411E-A47B-676D42A6E5D3}.Debug|x86.Build.0 = Debug|Any CPU
		{7671EDB1-8E99-411E-A47B-676D42A6E5D3}.Release|Any CPU.ActiveCfg = Release|Any CPU
		{7671EDB1-8E99-411E-A47B-676D42A6E5D3}.Release|Any CPU.Build.0 = Release|Any CPU
		{7671EDB1-8E99-411E-A47B-676D42A6E5D3}.Release|ARM.ActiveCfg = Release|Any CPU
		{7671EDB1-8E99-411E-A47B-676D42A6E5D3}.Release|ARM.Build.0 = Release|Any CPU
		{7671EDB1-8E99-411E-A47B-676D42A6E5D3}.Release|iPhone.ActiveCfg = Release|Any CPU
		{7671EDB1-8E99-411E-A47B-676D42A6E5D3}.Release|iPhone.Build.0 = Release|Any CPU
		{7671EDB1-8E99-411E-A47B-676D42A6E5D3}.Release|iPhoneSimulator.ActiveCfg = Release|Any CPU
		{7671EDB1-8E99-411E-A47B-676D42A6E5D3}.Release|iPhoneSimulator.Build.0 = Release|Any CPU
		{7671EDB1-8E99-411E-A47B-676D42A6E5D3}.Release|x64.ActiveCfg = Release|Any CPU
		{7671EDB1-8E99-411E-A47B-676D42A6E5D3}.Release|x64.Build.0 = Release|Any CPU
		{7671EDB1-8E99-411E-A47B-676D42A6E5D3}.Release|x86.ActiveCfg = Release|Any CPU
		{7671EDB1-8E99-411E-A47B-676D42A6E5D3}.Release|x86.Build.0 = Release|Any CPU
		{508F83EE-46F9-412A-9154-E690D055A9CE}.Ad-Hoc|Any CPU.ActiveCfg = Release|Any CPU
		{508F83EE-46F9-412A-9154-E690D055A9CE}.Ad-Hoc|Any CPU.Build.0 = Release|Any CPU
		{508F83EE-46F9-412A-9154-E690D055A9CE}.Ad-Hoc|ARM.ActiveCfg = Release|Any CPU
		{508F83EE-46F9-412A-9154-E690D055A9CE}.Ad-Hoc|ARM.Build.0 = Release|Any CPU
		{508F83EE-46F9-412A-9154-E690D055A9CE}.Ad-Hoc|iPhone.ActiveCfg = Release|Any CPU
		{508F83EE-46F9-412A-9154-E690D055A9CE}.Ad-Hoc|iPhone.Build.0 = Release|Any CPU
		{508F83EE-46F9-412A-9154-E690D055A9CE}.Ad-Hoc|iPhoneSimulator.ActiveCfg = Release|Any CPU
		{508F83EE-46F9-412A-9154-E690D055A9CE}.Ad-Hoc|iPhoneSimulator.Build.0 = Release|Any CPU
		{508F83EE-46F9-412A-9154-E690D055A9CE}.Ad-Hoc|x64.ActiveCfg = Release|Any CPU
		{508F83EE-46F9-412A-9154-E690D055A9CE}.Ad-Hoc|x64.Build.0 = Release|Any CPU
		{508F83EE-46F9-412A-9154-E690D055A9CE}.Ad-Hoc|x86.ActiveCfg = Release|Any CPU
		{508F83EE-46F9-412A-9154-E690D055A9CE}.Ad-Hoc|x86.Build.0 = Release|Any CPU
		{508F83EE-46F9-412A-9154-E690D055A9CE}.AppStore|Any CPU.ActiveCfg = Release|Any CPU
		{508F83EE-46F9-412A-9154-E690D055A9CE}.AppStore|Any CPU.Build.0 = Release|Any CPU
		{508F83EE-46F9-412A-9154-E690D055A9CE}.AppStore|ARM.ActiveCfg = Release|Any CPU
		{508F83EE-46F9-412A-9154-E690D055A9CE}.AppStore|ARM.Build.0 = Release|Any CPU
		{508F83EE-46F9-412A-9154-E690D055A9CE}.AppStore|iPhone.ActiveCfg = Release|Any CPU
		{508F83EE-46F9-412A-9154-E690D055A9CE}.AppStore|iPhone.Build.0 = Release|Any CPU
		{508F83EE-46F9-412A-9154-E690D055A9CE}.AppStore|iPhoneSimulator.ActiveCfg = Release|Any CPU
		{508F83EE-46F9-412A-9154-E690D055A9CE}.AppStore|iPhoneSimulator.Build.0 = Release|Any CPU
		{508F83EE-46F9-412A-9154-E690D055A9CE}.AppStore|x64.ActiveCfg = Release|Any CPU
		{508F83EE-46F9-412A-9154-E690D055A9CE}.AppStore|x64.Build.0 = Release|Any CPU
		{508F83EE-46F9-412A-9154-E690D055A9CE}.AppStore|x86.ActiveCfg = Release|Any CPU
		{508F83EE-46F9-412A-9154-E690D055A9CE}.AppStore|x86.Build.0 = Release|Any CPU
		{508F83EE-46F9-412A-9154-E690D055A9CE}.Debug|Any CPU.ActiveCfg = Debug|Any CPU
		{508F83EE-46F9-412A-9154-E690D055A9CE}.Debug|Any CPU.Build.0 = Debug|Any CPU
		{508F83EE-46F9-412A-9154-E690D055A9CE}.Debug|ARM.ActiveCfg = Debug|Any CPU
		{508F83EE-46F9-412A-9154-E690D055A9CE}.Debug|ARM.Build.0 = Debug|Any CPU
		{508F83EE-46F9-412A-9154-E690D055A9CE}.Debug|iPhone.ActiveCfg = Debug|Any CPU
		{508F83EE-46F9-412A-9154-E690D055A9CE}.Debug|iPhone.Build.0 = Debug|Any CPU
		{508F83EE-46F9-412A-9154-E690D055A9CE}.Debug|iPhoneSimulator.ActiveCfg = Debug|Any CPU
		{508F83EE-46F9-412A-9154-E690D055A9CE}.Debug|iPhoneSimulator.Build.0 = Debug|Any CPU
		{508F83EE-46F9-412A-9154-E690D055A9CE}.Debug|x64.ActiveCfg = Debug|Any CPU
		{508F83EE-46F9-412A-9154-E690D055A9CE}.Debug|x64.Build.0 = Debug|Any CPU
		{508F83EE-46F9-412A-9154-E690D055A9CE}.Debug|x86.ActiveCfg = Debug|Any CPU
		{508F83EE-46F9-412A-9154-E690D055A9CE}.Debug|x86.Build.0 = Debug|Any CPU
		{508F83EE-46F9-412A-9154-E690D055A9CE}.Release|Any CPU.ActiveCfg = Release|Any CPU
		{508F83EE-46F9-412A-9154-E690D055A9CE}.Release|Any CPU.Build.0 = Release|Any CPU
		{508F83EE-46F9-412A-9154-E690D055A9CE}.Release|ARM.ActiveCfg = Release|Any CPU
		{508F83EE-46F9-412A-9154-E690D055A9CE}.Release|ARM.Build.0 = Release|Any CPU
		{508F83EE-46F9-412A-9154-E690D055A9CE}.Release|iPhone.ActiveCfg = Release|Any CPU
		{508F83EE-46F9-412A-9154-E690D055A9CE}.Release|iPhone.Build.0 = Release|Any CPU
		{508F83EE-46F9-412A-9154-E690D055A9CE}.Release|iPhoneSimulator.ActiveCfg = Release|Any CPU
		{508F83EE-46F9-412A-9154-E690D055A9CE}.Release|iPhoneSimulator.Build.0 = Release|Any CPU
		{508F83EE-46F9-412A-9154-E690D055A9CE}.Release|x64.ActiveCfg = Release|Any CPU
		{508F83EE-46F9-412A-9154-E690D055A9CE}.Release|x64.Build.0 = Release|Any CPU
		{508F83EE-46F9-412A-9154-E690D055A9CE}.Release|x86.ActiveCfg = Release|Any CPU
		{508F83EE-46F9-412A-9154-E690D055A9CE}.Release|x86.Build.0 = Release|Any CPU
		{85E963B3-3EB0-4591-BAE3-FCF488BBC33F}.Ad-Hoc|Any CPU.ActiveCfg = Release|Any CPU
		{85E963B3-3EB0-4591-BAE3-FCF488BBC33F}.Ad-Hoc|Any CPU.Build.0 = Release|Any CPU
		{85E963B3-3EB0-4591-BAE3-FCF488BBC33F}.Ad-Hoc|ARM.ActiveCfg = Release|Any CPU
		{85E963B3-3EB0-4591-BAE3-FCF488BBC33F}.Ad-Hoc|ARM.Build.0 = Release|Any CPU
		{85E963B3-3EB0-4591-BAE3-FCF488BBC33F}.Ad-Hoc|iPhone.ActiveCfg = Release|Any CPU
		{85E963B3-3EB0-4591-BAE3-FCF488BBC33F}.Ad-Hoc|iPhone.Build.0 = Release|Any CPU
		{85E963B3-3EB0-4591-BAE3-FCF488BBC33F}.Ad-Hoc|iPhoneSimulator.ActiveCfg = Release|Any CPU
		{85E963B3-3EB0-4591-BAE3-FCF488BBC33F}.Ad-Hoc|iPhoneSimulator.Build.0 = Release|Any CPU
		{85E963B3-3EB0-4591-BAE3-FCF488BBC33F}.Ad-Hoc|x64.ActiveCfg = Release|Any CPU
		{85E963B3-3EB0-4591-BAE3-FCF488BBC33F}.Ad-Hoc|x64.Build.0 = Release|Any CPU
		{85E963B3-3EB0-4591-BAE3-FCF488BBC33F}.Ad-Hoc|x86.ActiveCfg = Release|Any CPU
		{85E963B3-3EB0-4591-BAE3-FCF488BBC33F}.Ad-Hoc|x86.Build.0 = Release|Any CPU
		{85E963B3-3EB0-4591-BAE3-FCF488BBC33F}.AppStore|Any CPU.ActiveCfg = Release|Any CPU
		{85E963B3-3EB0-4591-BAE3-FCF488BBC33F}.AppStore|Any CPU.Build.0 = Release|Any CPU
		{85E963B3-3EB0-4591-BAE3-FCF488BBC33F}.AppStore|ARM.ActiveCfg = Release|Any CPU
		{85E963B3-3EB0-4591-BAE3-FCF488BBC33F}.AppStore|ARM.Build.0 = Release|Any CPU
		{85E963B3-3EB0-4591-BAE3-FCF488BBC33F}.AppStore|iPhone.ActiveCfg = Release|Any CPU
		{85E963B3-3EB0-4591-BAE3-FCF488BBC33F}.AppStore|iPhone.Build.0 = Release|Any CPU
		{85E963B3-3EB0-4591-BAE3-FCF488BBC33F}.AppStore|iPhoneSimulator.ActiveCfg = Release|Any CPU
		{85E963B3-3EB0-4591-BAE3-FCF488BBC33F}.AppStore|iPhoneSimulator.Build.0 = Release|Any CPU
		{85E963B3-3EB0-4591-BAE3-FCF488BBC33F}.AppStore|x64.ActiveCfg = Release|Any CPU
		{85E963B3-3EB0-4591-BAE3-FCF488BBC33F}.AppStore|x64.Build.0 = Release|Any CPU
		{85E963B3-3EB0-4591-BAE3-FCF488BBC33F}.AppStore|x86.ActiveCfg = Release|Any CPU
		{85E963B3-3EB0-4591-BAE3-FCF488BBC33F}.AppStore|x86.Build.0 = Release|Any CPU
		{85E963B3-3EB0-4591-BAE3-FCF488BBC33F}.Debug|Any CPU.ActiveCfg = Debug|Any CPU
		{85E963B3-3EB0-4591-BAE3-FCF488BBC33F}.Debug|Any CPU.Build.0 = Debug|Any CPU
		{85E963B3-3EB0-4591-BAE3-FCF488BBC33F}.Debug|ARM.ActiveCfg = Debug|Any CPU
		{85E963B3-3EB0-4591-BAE3-FCF488BBC33F}.Debug|ARM.Build.0 = Debug|Any CPU
		{85E963B3-3EB0-4591-BAE3-FCF488BBC33F}.Debug|iPhone.ActiveCfg = Debug|Any CPU
		{85E963B3-3EB0-4591-BAE3-FCF488BBC33F}.Debug|iPhone.Build.0 = Debug|Any CPU
		{85E963B3-3EB0-4591-BAE3-FCF488BBC33F}.Debug|iPhoneSimulator.ActiveCfg = Debug|Any CPU
		{85E963B3-3EB0-4591-BAE3-FCF488BBC33F}.Debug|iPhoneSimulator.Build.0 = Debug|Any CPU
		{85E963B3-3EB0-4591-BAE3-FCF488BBC33F}.Debug|x64.ActiveCfg = Debug|Any CPU
		{85E963B3-3EB0-4591-BAE3-FCF488BBC33F}.Debug|x64.Build.0 = Debug|Any CPU
		{85E963B3-3EB0-4591-BAE3-FCF488BBC33F}.Debug|x86.ActiveCfg = Debug|Any CPU
		{85E963B3-3EB0-4591-BAE3-FCF488BBC33F}.Debug|x86.Build.0 = Debug|Any CPU
		{85E963B3-3EB0-4591-BAE3-FCF488BBC33F}.Release|Any CPU.ActiveCfg = Release|Any CPU
		{85E963B3-3EB0-4591-BAE3-FCF488BBC33F}.Release|Any CPU.Build.0 = Release|Any CPU
		{85E963B3-3EB0-4591-BAE3-FCF488BBC33F}.Release|ARM.ActiveCfg = Release|Any CPU
		{85E963B3-3EB0-4591-BAE3-FCF488BBC33F}.Release|ARM.Build.0 = Release|Any CPU
		{85E963B3-3EB0-4591-BAE3-FCF488BBC33F}.Release|iPhone.ActiveCfg = Release|Any CPU
		{85E963B3-3EB0-4591-BAE3-FCF488BBC33F}.Release|iPhone.Build.0 = Release|Any CPU
		{85E963B3-3EB0-4591-BAE3-FCF488BBC33F}.Release|iPhoneSimulator.ActiveCfg = Release|Any CPU
		{85E963B3-3EB0-4591-BAE3-FCF488BBC33F}.Release|iPhoneSimulator.Build.0 = Release|Any CPU
		{85E963B3-3EB0-4591-BAE3-FCF488BBC33F}.Release|x64.ActiveCfg = Release|Any CPU
		{85E963B3-3EB0-4591-BAE3-FCF488BBC33F}.Release|x64.Build.0 = Release|Any CPU
		{85E963B3-3EB0-4591-BAE3-FCF488BBC33F}.Release|x86.ActiveCfg = Release|Any CPU
		{85E963B3-3EB0-4591-BAE3-FCF488BBC33F}.Release|x86.Build.0 = Release|Any CPU
		{9F3B9A47-E9D6-4074-B8C7-5A1395D8FC05}.Ad-Hoc|Any CPU.ActiveCfg = Release|Any CPU
		{9F3B9A47-E9D6-4074-B8C7-5A1395D8FC05}.Ad-Hoc|Any CPU.Build.0 = Release|Any CPU
		{9F3B9A47-E9D6-4074-B8C7-5A1395D8FC05}.Ad-Hoc|ARM.ActiveCfg = Release|Any CPU
		{9F3B9A47-E9D6-4074-B8C7-5A1395D8FC05}.Ad-Hoc|ARM.Build.0 = Release|Any CPU
		{9F3B9A47-E9D6-4074-B8C7-5A1395D8FC05}.Ad-Hoc|iPhone.ActiveCfg = Release|Any CPU
		{9F3B9A47-E9D6-4074-B8C7-5A1395D8FC05}.Ad-Hoc|iPhone.Build.0 = Release|Any CPU
		{9F3B9A47-E9D6-4074-B8C7-5A1395D8FC05}.Ad-Hoc|iPhoneSimulator.ActiveCfg = Release|Any CPU
		{9F3B9A47-E9D6-4074-B8C7-5A1395D8FC05}.Ad-Hoc|iPhoneSimulator.Build.0 = Release|Any CPU
		{9F3B9A47-E9D6-4074-B8C7-5A1395D8FC05}.Ad-Hoc|x64.ActiveCfg = Release|Any CPU
		{9F3B9A47-E9D6-4074-B8C7-5A1395D8FC05}.Ad-Hoc|x64.Build.0 = Release|Any CPU
		{9F3B9A47-E9D6-4074-B8C7-5A1395D8FC05}.Ad-Hoc|x86.ActiveCfg = Release|Any CPU
		{9F3B9A47-E9D6-4074-B8C7-5A1395D8FC05}.Ad-Hoc|x86.Build.0 = Release|Any CPU
		{9F3B9A47-E9D6-4074-B8C7-5A1395D8FC05}.AppStore|Any CPU.ActiveCfg = Release|Any CPU
		{9F3B9A47-E9D6-4074-B8C7-5A1395D8FC05}.AppStore|Any CPU.Build.0 = Release|Any CPU
		{9F3B9A47-E9D6-4074-B8C7-5A1395D8FC05}.AppStore|ARM.ActiveCfg = Release|Any CPU
		{9F3B9A47-E9D6-4074-B8C7-5A1395D8FC05}.AppStore|ARM.Build.0 = Release|Any CPU
		{9F3B9A47-E9D6-4074-B8C7-5A1395D8FC05}.AppStore|iPhone.ActiveCfg = Release|Any CPU
		{9F3B9A47-E9D6-4074-B8C7-5A1395D8FC05}.AppStore|iPhone.Build.0 = Release|Any CPU
		{9F3B9A47-E9D6-4074-B8C7-5A1395D8FC05}.AppStore|iPhoneSimulator.ActiveCfg = Release|Any CPU
		{9F3B9A47-E9D6-4074-B8C7-5A1395D8FC05}.AppStore|iPhoneSimulator.Build.0 = Release|Any CPU
		{9F3B9A47-E9D6-4074-B8C7-5A1395D8FC05}.AppStore|x64.ActiveCfg = Release|Any CPU
		{9F3B9A47-E9D6-4074-B8C7-5A1395D8FC05}.AppStore|x64.Build.0 = Release|Any CPU
		{9F3B9A47-E9D6-4074-B8C7-5A1395D8FC05}.AppStore|x86.ActiveCfg = Release|Any CPU
		{9F3B9A47-E9D6-4074-B8C7-5A1395D8FC05}.AppStore|x86.Build.0 = Release|Any CPU
		{9F3B9A47-E9D6-4074-B8C7-5A1395D8FC05}.Debug|Any CPU.ActiveCfg = Debug|Any CPU
		{9F3B9A47-E9D6-4074-B8C7-5A1395D8FC05}.Debug|Any CPU.Build.0 = Debug|Any CPU
		{9F3B9A47-E9D6-4074-B8C7-5A1395D8FC05}.Debug|ARM.ActiveCfg = Debug|Any CPU
		{9F3B9A47-E9D6-4074-B8C7-5A1395D8FC05}.Debug|ARM.Build.0 = Debug|Any CPU
		{9F3B9A47-E9D6-4074-B8C7-5A1395D8FC05}.Debug|iPhone.ActiveCfg = Debug|Any CPU
		{9F3B9A47-E9D6-4074-B8C7-5A1395D8FC05}.Debug|iPhone.Build.0 = Debug|Any CPU
		{9F3B9A47-E9D6-4074-B8C7-5A1395D8FC05}.Debug|iPhoneSimulator.ActiveCfg = Debug|Any CPU
		{9F3B9A47-E9D6-4074-B8C7-5A1395D8FC05}.Debug|iPhoneSimulator.Build.0 = Debug|Any CPU
		{9F3B9A47-E9D6-4074-B8C7-5A1395D8FC05}.Debug|x64.ActiveCfg = Debug|Any CPU
		{9F3B9A47-E9D6-4074-B8C7-5A1395D8FC05}.Debug|x64.Build.0 = Debug|Any CPU
		{9F3B9A47-E9D6-4074-B8C7-5A1395D8FC05}.Debug|x86.ActiveCfg = Debug|Any CPU
		{9F3B9A47-E9D6-4074-B8C7-5A1395D8FC05}.Debug|x86.Build.0 = Debug|Any CPU
		{9F3B9A47-E9D6-4074-B8C7-5A1395D8FC05}.Release|Any CPU.ActiveCfg = Release|Any CPU
		{9F3B9A47-E9D6-4074-B8C7-5A1395D8FC05}.Release|Any CPU.Build.0 = Release|Any CPU
		{9F3B9A47-E9D6-4074-B8C7-5A1395D8FC05}.Release|ARM.ActiveCfg = Release|Any CPU
		{9F3B9A47-E9D6-4074-B8C7-5A1395D8FC05}.Release|ARM.Build.0 = Release|Any CPU
		{9F3B9A47-E9D6-4074-B8C7-5A1395D8FC05}.Release|iPhone.ActiveCfg = Release|Any CPU
		{9F3B9A47-E9D6-4074-B8C7-5A1395D8FC05}.Release|iPhone.Build.0 = Release|Any CPU
		{9F3B9A47-E9D6-4074-B8C7-5A1395D8FC05}.Release|iPhoneSimulator.ActiveCfg = Release|Any CPU
		{9F3B9A47-E9D6-4074-B8C7-5A1395D8FC05}.Release|iPhoneSimulator.Build.0 = Release|Any CPU
		{9F3B9A47-E9D6-4074-B8C7-5A1395D8FC05}.Release|x64.ActiveCfg = Release|Any CPU
		{9F3B9A47-E9D6-4074-B8C7-5A1395D8FC05}.Release|x64.Build.0 = Release|Any CPU
		{9F3B9A47-E9D6-4074-B8C7-5A1395D8FC05}.Release|x86.ActiveCfg = Release|Any CPU
		{9F3B9A47-E9D6-4074-B8C7-5A1395D8FC05}.Release|x86.Build.0 = Release|Any CPU
	EndGlobalSection
	GlobalSection(SolutionProperties) = preSolution
		HideSolutionNode = FALSE
	EndGlobalSection
	GlobalSection(ExtensibilityGlobals) = postSolution
		SolutionGuid = {6244EEE0-FA2B-45A2-BD1A-08FB0D6CED90}
	EndGlobalSection
EndGlobal
